
Microsoft Visual Studio Solution File, Format Version 12.00
# Visual Studio Version 17
VisualStudioVersion = 17.0.31903.59
MinimumVisualStudioVersion = 10.0.40219.1
Project("{2150E333-8FDC-42A3-9474-1A3956D46DE8}") = "src", "src", "{3F6F2D75-89B3-4E1C-BCE0-AFE0A0F1050C}"
EndProject
Project("{2150E333-8FDC-42A3-9474-1A3956D46DE8}") = "API", "API", "{DBFB73D7-5E7D-43CF-96D8-CC528C73658D}"
EndProject
Project("{2150E333-8FDC-42A3-9474-1A3956D46DE8}") = "BuildingBlocks", "BuildingBlocks", "{CC507BF4-EE20-4A19-8B49-D8557ECD33D2}"
EndProject
Project("{2150E333-8FDC-42A3-9474-1A3956D46DE8}") = "Application", "Application", "{DE38EFE4-A7CE-4BD4-B2F3-74ED1E431605}"
EndProject
Project("{2150E333-8FDC-42A3-9474-1A3956D46DE8}") = "Domain", "Domain", "{E7019079-3B24-4E74-BE9B-C67D4367C729}"
EndProject
Project("{2150E333-8FDC-42A3-9474-1A3956D46DE8}") = "Infrastructure", "Infrastructure", "{FA825667-0388-4D00-9EE4-5E83100D63F4}"
EndProject
Project("{2150E333-8FDC-42A3-9474-1A3956D46DE8}") = "Test", "Test", "{A5E878B8-7862-40DF-B165-EC899D99AB0C}"
EndProject
Project("{2150E333-8FDC-42A3-9474-1A3956D46DE8}") = "Database", "Database", "{2C7137C7-2656-4E27-B133-0EC69D344E6E}"
EndProject
Project("{2150E333-8FDC-42A3-9474-1A3956D46DE8}") = "DbMigrator", "DbMigrator", "{B05D3FA0-FB4E-4EA1-BA00-AEF15F8E28F0}"
EndProject
Project("{2150E333-8FDC-42A3-9474-1A3956D46DE8}") = "Modules", "Modules", "{51BA8EB1-0352-41E1-8620-ABE5F823308C}"
EndProject
Project("{2150E333-8FDC-42A3-9474-1A3956D46DE8}") = "Contracts", "Contracts", "{C2DCFE7D-1B31-472D-8EB2-E69FB683E53B}"
EndProject
Project("{2150E333-8FDC-42A3-9474-1A3956D46DE8}") = "Documents", "Documents", "{E8BFE34A-27CD-4774-9624-44AC0831960F}"
EndProject
Project("{2150E333-8FDC-42A3-9474-1A3956D46DE8}") = "Funders", "Funders", "{2B0EA4B6-B606-4397-90FC-08934264D007}"
EndProject
Project("{2150E333-8FDC-42A3-9474-1A3956D46DE8}") = "Groups", "Groups", "{699C0019-56D7-4A88-898B-05FE6A2F7B73}"
EndProject
Project("{2150E333-8FDC-42A3-9474-1A3956D46DE8}") = "Notifications", "Notifications", "{788EEAFC-95DA-4D38-9CD5-0EF0444C144B}"
EndProject
Project("{2150E333-8FDC-42A3-9474-1A3956D46DE8}") = "Projects", "Projects", "{F039242B-266A-408D-949E-7C3579448307}"
EndProject
Project("{2150E333-8FDC-42A3-9474-1A3956D46DE8}") = "Settings", "Settings", "{47035DBA-F466-4836-AFAD-882C53E0C930}"
EndProject
Project("{2150E333-8FDC-42A3-9474-1A3956D46DE8}") = "Users", "Users", "{5020F956-25CB-4636-9F9E-6C7F387C6140}"
EndProject
Project("{2150E333-8FDC-42A3-9474-1A3956D46DE8}") = "Tests", "Tests", "{623EFED6-0C17-4532-910E-9306FA4FE30C}"
EndProject
Project("{2150E333-8FDC-42A3-9474-1A3956D46DE8}") = "e2e", "e2e", "{DC7C591B-4469-452E-8EB2-4CB22776596B}"
EndProject
Project("{2150E333-8FDC-42A3-9474-1A3956D46DE8}") = "Intergation", "Intergation", "{41DA090C-04F4-4017-9BD1-1365CF172E1F}"
EndProject
Project("{2150E333-8FDC-42A3-9474-1A3956D46DE8}") = "Unit", "Unit", "{A4A55D95-9500-4424-923F-01CC3C32E790}"
EndProject
Project("{FAE04EC0-301F-11D3-BF4B-00C04F79EFBC}") = "PlanCraft.API", "PlanCraft.API\PlanCraft.API.csproj", "{E58EB066-FA88-43C9-AFDB-C12561A0D9CB}"
EndProject
Global
	GlobalSection(SolutionConfigurationPlatforms) = preSolution
		Debug|Any CPU = Debug|Any CPU
		Release|Any CPU = Release|Any CPU
	EndGlobalSection
	GlobalSection(ProjectConfigurationPlatforms) = postSolution
		{E58EB066-FA88-43C9-AFDB-C12561A0D9CB}.Debug|Any CPU.ActiveCfg = Debug|Any CPU
		{E58EB066-FA88-43C9-AFDB-C12561A0D9CB}.Debug|Any CPU.Build.0 = Debug|Any CPU
		{E58EB066-FA88-43C9-AFDB-C12561A0D9CB}.Release|Any CPU.ActiveCfg = Release|Any CPU
		{E58EB066-FA88-43C9-AFDB-C12561A0D9CB}.Release|Any CPU.Build.0 = Release|Any CPU
	EndGlobalSection
	GlobalSection(SolutionProperties) = preSolution
		HideSolutionNode = FALSE
	EndGlobalSection
	GlobalSection(NestedProjects) = preSolution
		{DBFB73D7-5E7D-43CF-96D8-CC528C73658D} = {3F6F2D75-89B3-4E1C-BCE0-AFE0A0F1050C}
		{CC507BF4-EE20-4A19-8B49-D8557ECD33D2} = {3F6F2D75-89B3-4E1C-BCE0-AFE0A0F1050C}
		{DE38EFE4-A7CE-4BD4-B2F3-74ED1E431605} = {CC507BF4-EE20-4A19-8B49-D8557ECD33D2}
		{E7019079-3B24-4E74-BE9B-C67D4367C729} = {CC507BF4-EE20-4A19-8B49-D8557ECD33D2}
		{FA825667-0388-4D00-9EE4-5E83100D63F4} = {CC507BF4-EE20-4A19-8B49-D8557ECD33D2}
		{A5E878B8-7862-40DF-B165-EC899D99AB0C} = {CC507BF4-EE20-4A19-8B49-D8557ECD33D2}
		{2C7137C7-2656-4E27-B133-0EC69D344E6E} = {3F6F2D75-89B3-4E1C-BCE0-AFE0A0F1050C}
		{B05D3FA0-FB4E-4EA1-BA00-AEF15F8E28F0} = {2C7137C7-2656-4E27-B133-0EC69D344E6E}
		{51BA8EB1-0352-41E1-8620-ABE5F823308C} = {3F6F2D75-89B3-4E1C-BCE0-AFE0A0F1050C}
		{C2DCFE7D-1B31-472D-8EB2-E69FB683E53B} = {51BA8EB1-0352-41E1-8620-ABE5F823308C}
		{E8BFE34A-27CD-4774-9624-44AC0831960F} = {51BA8EB1-0352-41E1-8620-ABE5F823308C}
		{2B0EA4B6-B606-4397-90FC-08934264D007} = {51BA8EB1-0352-41E1-8620-ABE5F823308C}
		{699C0019-56D7-4A88-898B-05FE6A2F7B73} = {51BA8EB1-0352-41E1-8620-ABE5F823308C}
		{788EEAFC-95DA-4D38-9CD5-0EF0444C144B} = {51BA8EB1-0352-41E1-8620-ABE5F823308C}
		{F039242B-266A-408D-949E-7C3579448307} = {51BA8EB1-0352-41E1-8620-ABE5F823308C}
		{47035DBA-F466-4836-AFAD-882C53E0C930} = {51BA8EB1-0352-41E1-8620-ABE5F823308C}
		{5020F956-25CB-4636-9F9E-6C7F387C6140} = {51BA8EB1-0352-41E1-8620-ABE5F823308C}
		{623EFED6-0C17-4532-910E-9306FA4FE30C} = {3F6F2D75-89B3-4E1C-BCE0-AFE0A0F1050C}
		{DC7C591B-4469-452E-8EB2-4CB22776596B} = {623EFED6-0C17-4532-910E-9306FA4FE30C}
		{41DA090C-04F4-4017-9BD1-1365CF172E1F} = {623EFED6-0C17-4532-910E-9306FA4FE30C}
		{A4A55D95-9500-4424-923F-01CC3C32E790} = {623EFED6-0C17-4532-910E-9306FA4FE30C}
		{E58EB066-FA88-43C9-AFDB-C12561A0D9CB} = {DBFB73D7-5E7D-43CF-96D8-CC528C73658D}
	EndGlobalSection
	GlobalSection(ExtensibilityGlobals) = postSolution
		SolutionGuid = {E100A996-C1E0-4CC4-A9A3-9FE1A956B5B2}
	EndGlobalSection
EndGlobal
