
Microsoft Visual Studio Solution File, Format Version 12.00
# Visual Studio Version 17
VisualStudioVersion = 17.9.34723.18
MinimumVisualStudioVersion = 10.0.40219.1
Project("{2150E333-8FDC-42A3-9474-1A3956D46DE8}") = "src", "src", "{E9612E99-11C3-4079-9F7A-02F366A6E660}"
EndProject
Project("{2150E333-8FDC-42A3-9474-1A3956D46DE8}") = "app", "app", "{307A9EDF-86D7-4C15-A791-0624E2815B09}"
EndProject
Project("{2150E333-8FDC-42A3-9474-1A3956D46DE8}") = "domain", "domain", "{9196BC64-B1E0-4B56-9FCB-6279D14E3884}"
EndProject
Project("{2150E333-8FDC-42A3-9474-1A3956D46DE8}") = "web", "web", "{BF2538C5-EDDF-42DC-A35E-2E286CEA467B}"
EndProject
Project("{FAE04EC0-301F-11D3-BF4B-00C04F79EFBC}") = "Plancraft.Host", "src\app\Plancraft.Host\Plancraft.Host.csproj", "{4E9BDA4E-622C-4354-8C2F-374B7931B681}"
EndProject
Project("{FAE04EC0-301F-11D3-BF4B-00C04F79EFBC}") = "Plancraft.Domain", "src\domain\Plancraft.Domain\Plancraft.Domain.csproj", "{43AAED80-1559-4974-B81C-747717E1401D}"
EndProject
Project("{FAE04EC0-301F-11D3-BF4B-00C04F79EFBC}") = "Plancraft.Domain.Enum", "src\domain\Plancraft.Domain.Enum\Plancraft.Domain.Enum.csproj", "{4A5A9F41-9E4B-490B-9445-58DCB6940CDA}"
EndProject
Project("{FAE04EC0-301F-11D3-BF4B-00C04F79EFBC}") = "Plancraft.Domain.Migrations", "src\domain\Plancraft.Domain.Migrations\Plancraft.Domain.Migrations.csproj", "{066120B1-A12F-426B-8BE4-525A3635465F}"
EndProject
Project("{FAE04EC0-301F-11D3-BF4B-00C04F79EFBC}") = "Plancraft.Domain.Repository", "src\domain\Plancraft.Domain.Repository\Plancraft.Domain.Repository.csproj", "{90380FA2-1C84-459F-A987-8891AA76E804}"
EndProject
Project("{FAE04EC0-301F-11D3-BF4B-00C04F79EFBC}") = "Plancraft.Domain.Repository.Injection", "src\domain\Plancraft.Domain.Repository.Injection\Plancraft.Domain.Repository.Injection.csproj", "{5A81D22E-D5C0-4D31-8178-AC1031E6138B}"
EndProject
Project("{FAE04EC0-301F-11D3-BF4B-00C04F79EFBC}") = "Plancraft.Domain.Specification", "src\domain\Plancraft.Domain.Specification\Plancraft.Domain.Specification.csproj", "{43310B9B-0D26-450F-BCFA-42B1B981CF9E}"
EndProject
Project("{FAE04EC0-301F-11D3-BF4B-00C04F79EFBC}") = "Plancraft.Domain.Tests.Unit", "src\domain\Plancraft.Domain.Tests.Unit\Plancraft.Domain.Tests.Unit.csproj", "{82117F45-3D60-4036-ABA6-5DCE9B8AC4A8}"
EndProject
Project("{FAE04EC0-301F-11D3-BF4B-00C04F79EFBC}") = "Plancraft.App.Infrastructure", "src\app\Plancraft.App.Infrastructure\Plancraft.App.Infrastructure.csproj", "{AB15097E-9AC0-4CAD-AFE8-DF2EA7EB13BA}"
EndProject
Project("{FAE04EC0-301F-11D3-BF4B-00C04F79EFBC}") = "Plancraft.App.Shared", "src\app\Plancraft.App.Shared\Plancraft.App.Shared.csproj", "{8CC92FDC-0BB4-40B7-BC30-C335654F82F5}"
EndProject
Project("{FAE04EC0-301F-11D3-BF4B-00C04F79EFBC}") = "Plancraft.Domain.Persistance", "src\domain\Plancraft.Domain.Persistance\Plancraft.Domain.Persistance.csproj", "{A76CDF3B-7B2B-4C38-8A9F-B4E7F3F60245}"
EndProject
Project("{FAE04EC0-301F-11D3-BF4B-00C04F79EFBC}") = "Plancraft.App.Presentation", "src\app\Plancraft.App.Presentation\Plancraft.App.Presentation.csproj", "{7B7E4C43-3352-449D-83DD-4A59146E4104}"
EndProject
Global
	GlobalSection(SolutionConfigurationPlatforms) = preSolution
		Debug|Any CPU = Debug|Any CPU
		Release|Any CPU = Release|Any CPU
	EndGlobalSection
	GlobalSection(SolutionProperties) = preSolution
		HideSolutionNode = FALSE
	EndGlobalSection
	GlobalSection(NestedProjects) = preSolution
		{307A9EDF-86D7-4C15-A791-0624E2815B09} = {E9612E99-11C3-4079-9F7A-02F366A6E660}
		{9196BC64-B1E0-4B56-9FCB-6279D14E3884} = {E9612E99-11C3-4079-9F7A-02F366A6E660}
		{BF2538C5-EDDF-42DC-A35E-2E286CEA467B} = {E9612E99-11C3-4079-9F7A-02F366A6E660}
		{4E9BDA4E-622C-4354-8C2F-374B7931B681} = {307A9EDF-86D7-4C15-A791-0624E2815B09}
		{43AAED80-1559-4974-B81C-747717E1401D} = {9196BC64-B1E0-4B56-9FCB-6279D14E3884}
		{4A5A9F41-9E4B-490B-9445-58DCB6940CDA} = {9196BC64-B1E0-4B56-9FCB-6279D14E3884}
		{066120B1-A12F-426B-8BE4-525A3635465F} = {9196BC64-B1E0-4B56-9FCB-6279D14E3884}
		{90380FA2-1C84-459F-A987-8891AA76E804} = {9196BC64-B1E0-4B56-9FCB-6279D14E3884}
		{5A81D22E-D5C0-4D31-8178-AC1031E6138B} = {9196BC64-B1E0-4B56-9FCB-6279D14E3884}
		{43310B9B-0D26-450F-BCFA-42B1B981CF9E} = {9196BC64-B1E0-4B56-9FCB-6279D14E3884}
		{82117F45-3D60-4036-ABA6-5DCE9B8AC4A8} = {9196BC64-B1E0-4B56-9FCB-6279D14E3884}
		{AB15097E-9AC0-4CAD-AFE8-DF2EA7EB13BA} = {307A9EDF-86D7-4C15-A791-0624E2815B09}
		{8CC92FDC-0BB4-40B7-BC30-C335654F82F5} = {307A9EDF-86D7-4C15-A791-0624E2815B09}
		{A76CDF3B-7B2B-4C38-8A9F-B4E7F3F60245} = {9196BC64-B1E0-4B56-9FCB-6279D14E3884}
		{7B7E4C43-3352-449D-83DD-4A59146E4104} = {307A9EDF-86D7-4C15-A791-0624E2815B09}
	EndGlobalSection
	GlobalSection(ProjectConfigurationPlatforms) = postSolution
		{4E9BDA4E-622C-4354-8C2F-374B7931B681}.Debug|Any CPU.ActiveCfg = Debug|Any CPU
		{4E9BDA4E-622C-4354-8C2F-374B7931B681}.Debug|Any CPU.Build.0 = Debug|Any CPU
		{4E9BDA4E-622C-4354-8C2F-374B7931B681}.Release|Any CPU.ActiveCfg = Release|Any CPU
		{4E9BDA4E-622C-4354-8C2F-374B7931B681}.Release|Any CPU.Build.0 = Release|Any CPU
		{43AAED80-1559-4974-B81C-747717E1401D}.Debug|Any CPU.ActiveCfg = Debug|Any CPU
		{43AAED80-1559-4974-B81C-747717E1401D}.Debug|Any CPU.Build.0 = Debug|Any CPU
		{43AAED80-1559-4974-B81C-747717E1401D}.Release|Any CPU.ActiveCfg = Release|Any CPU
		{43AAED80-1559-4974-B81C-747717E1401D}.Release|Any CPU.Build.0 = Release|Any CPU
		{4A5A9F41-9E4B-490B-9445-58DCB6940CDA}.Debug|Any CPU.ActiveCfg = Debug|Any CPU
		{4A5A9F41-9E4B-490B-9445-58DCB6940CDA}.Debug|Any CPU.Build.0 = Debug|Any CPU
		{4A5A9F41-9E4B-490B-9445-58DCB6940CDA}.Release|Any CPU.ActiveCfg = Release|Any CPU
		{4A5A9F41-9E4B-490B-9445-58DCB6940CDA}.Release|Any CPU.Build.0 = Release|Any CPU
		{066120B1-A12F-426B-8BE4-525A3635465F}.Debug|Any CPU.ActiveCfg = Debug|Any CPU
		{066120B1-A12F-426B-8BE4-525A3635465F}.Debug|Any CPU.Build.0 = Debug|Any CPU
		{066120B1-A12F-426B-8BE4-525A3635465F}.Release|Any CPU.ActiveCfg = Release|Any CPU
		{066120B1-A12F-426B-8BE4-525A3635465F}.Release|Any CPU.Build.0 = Release|Any CPU
		{90380FA2-1C84-459F-A987-8891AA76E804}.Debug|Any CPU.ActiveCfg = Debug|Any CPU
		{90380FA2-1C84-459F-A987-8891AA76E804}.Debug|Any CPU.Build.0 = Debug|Any CPU
		{90380FA2-1C84-459F-A987-8891AA76E804}.Release|Any CPU.ActiveCfg = Release|Any CPU
		{90380FA2-1C84-459F-A987-8891AA76E804}.Release|Any CPU.Build.0 = Release|Any CPU
		{5A81D22E-D5C0-4D31-8178-AC1031E6138B}.Debug|Any CPU.ActiveCfg = Debug|Any CPU
		{5A81D22E-D5C0-4D31-8178-AC1031E6138B}.Debug|Any CPU.Build.0 = Debug|Any CPU
		{5A81D22E-D5C0-4D31-8178-AC1031E6138B}.Release|Any CPU.ActiveCfg = Release|Any CPU
		{5A81D22E-D5C0-4D31-8178-AC1031E6138B}.Release|Any CPU.Build.0 = Release|Any CPU
		{43310B9B-0D26-450F-BCFA-42B1B981CF9E}.Debug|Any CPU.ActiveCfg = Debug|Any CPU
		{43310B9B-0D26-450F-BCFA-42B1B981CF9E}.Debug|Any CPU.Build.0 = Debug|Any CPU
		{43310B9B-0D26-450F-BCFA-42B1B981CF9E}.Release|Any CPU.ActiveCfg = Release|Any CPU
		{43310B9B-0D26-450F-BCFA-42B1B981CF9E}.Release|Any CPU.Build.0 = Release|Any CPU
		{82117F45-3D60-4036-ABA6-5DCE9B8AC4A8}.Debug|Any CPU.ActiveCfg = Debug|Any CPU
		{82117F45-3D60-4036-ABA6-5DCE9B8AC4A8}.Debug|Any CPU.Build.0 = Debug|Any CPU
		{82117F45-3D60-4036-ABA6-5DCE9B8AC4A8}.Release|Any CPU.ActiveCfg = Release|Any CPU
		{82117F45-3D60-4036-ABA6-5DCE9B8AC4A8}.Release|Any CPU.Build.0 = Release|Any CPU
		{AB15097E-9AC0-4CAD-AFE8-DF2EA7EB13BA}.Debug|Any CPU.ActiveCfg = Debug|Any CPU
		{AB15097E-9AC0-4CAD-AFE8-DF2EA7EB13BA}.Debug|Any CPU.Build.0 = Debug|Any CPU
		{AB15097E-9AC0-4CAD-AFE8-DF2EA7EB13BA}.Release|Any CPU.ActiveCfg = Release|Any CPU
		{AB15097E-9AC0-4CAD-AFE8-DF2EA7EB13BA}.Release|Any CPU.Build.0 = Release|Any CPU
		{8CC92FDC-0BB4-40B7-BC30-C335654F82F5}.Debug|Any CPU.ActiveCfg = Debug|Any CPU
		{8CC92FDC-0BB4-40B7-BC30-C335654F82F5}.Debug|Any CPU.Build.0 = Debug|Any CPU
		{8CC92FDC-0BB4-40B7-BC30-C335654F82F5}.Release|Any CPU.ActiveCfg = Release|Any CPU
		{8CC92FDC-0BB4-40B7-BC30-C335654F82F5}.Release|Any CPU.Build.0 = Release|Any CPU
		{A76CDF3B-7B2B-4C38-8A9F-B4E7F3F60245}.Debug|Any CPU.ActiveCfg = Debug|Any CPU
		{A76CDF3B-7B2B-4C38-8A9F-B4E7F3F60245}.Debug|Any CPU.Build.0 = Debug|Any CPU
		{A76CDF3B-7B2B-4C38-8A9F-B4E7F3F60245}.Release|Any CPU.ActiveCfg = Release|Any CPU
		{A76CDF3B-7B2B-4C38-8A9F-B4E7F3F60245}.Release|Any CPU.Build.0 = Release|Any CPU
		{7B7E4C43-3352-449D-83DD-4A59146E4104}.Debug|Any CPU.ActiveCfg = Debug|Any CPU
		{7B7E4C43-3352-449D-83DD-4A59146E4104}.Debug|Any CPU.Build.0 = Debug|Any CPU
		{7B7E4C43-3352-449D-83DD-4A59146E4104}.Release|Any CPU.ActiveCfg = Release|Any CPU
		{7B7E4C43-3352-449D-83DD-4A59146E4104}.Release|Any CPU.Build.0 = Release|Any CPU
	EndGlobalSection
EndGlobal
